
Microsoft Visual Studio Solution File, Format Version 12.00
# Visual Studio 15
Project("{FAE04EC0-301F-11D3-BF4B-00C04F79EFBC}") = "UnityEngine.TestRunner", "UnityEngine.TestRunner.csproj", "{EC3F7713-1C73-1D9E-3781-9DA9FDBFDE62}"
EndProject
Project("{FAE04EC0-301F-11D3-BF4B-00C04F79EFBC}") = "UnityEngine.UI", "UnityEngine.UI.csproj", "{87CA91A4-D5A6-EE81-1F18-306743D7902E}"
EndProject
Project("{FAE04EC0-301F-11D3-BF4B-00C04F79EFBC}") = "Unity.TextMeshPro", "Unity.TextMeshPro.csproj", "{9BC0E375-ED23-EFBC-960C-A74FAF60082E}"
EndProject
Project("{FAE04EC0-301F-11D3-BF4B-00C04F79EFBC}") = "Unity.Timeline", "Unity.Timeline.csproj", "{EC95EA31-75B8-8C4C-7B01-F475664CFC6B}"
EndProject
Project("{FAE04EC0-301F-11D3-BF4B-00C04F79EFBC}") = "Assembly-CSharp", "Assembly-CSharp.csproj", "{09A8824A-8F13-8176-D2F9-FAD47C767249}"
EndProject
Project("{FAE04EC0-301F-11D3-BF4B-00C04F79EFBC}") = "UnityEditor.TestRunner", "UnityEditor.TestRunner.csproj", "{470899EC-174F-CF61-BD8F-94B59DA84005}"
EndProject
Project("{FAE04EC0-301F-11D3-BF4B-00C04F79EFBC}") = "Unity.TextMeshPro.Editor", "Unity.TextMeshPro.Editor.csproj", "{D1AF46BD-2C8D-F75E-DB96-F7E6C699A1B5}"
EndProject
Project("{FAE04EC0-301F-11D3-BF4B-00C04F79EFBC}") = "Unity.Timeline.Editor", "Unity.Timeline.Editor.csproj", "{A21D5328-54B5-A260-073C-F57C447335B3}"
EndProject
Project("{FAE04EC0-301F-11D3-BF4B-00C04F79EFBC}") = "UnityEditor.UI", "UnityEditor.UI.csproj", "{0F900D9D-6AEA-054A-A98B-70F309B4B704}"
EndProject
Project("{FAE04EC0-301F-11D3-BF4B-00C04F79EFBC}") = "Unity.Rider.Editor", "Unity.Rider.Editor.csproj", "{775F5B63-359D-6EFF-9530-BD21ED9A0F9B}"
EndProject
Project("{FAE04EC0-301F-11D3-BF4B-00C04F79EFBC}") = "Unity.CollabProxy.Editor", "Unity.CollabProxy.Editor.csproj", "{8A7376F2-7334-468F-9D56-F0E26846A7A0}"
EndProject
Project("{FAE04EC0-301F-11D3-BF4B-00C04F79EFBC}") = "Unity.VSCode.Editor", "Unity.VSCode.Editor.csproj", "{33FA46BF-554A-6D6A-977D-E854C2217664}"
EndProject
Global
	GlobalSection(SolutionConfigurationPlatforms) = preSolution
		Debug|Any CPU = Debug|Any CPU
		Release|Any CPU = Release|Any CPU
	EndGlobalSection
	GlobalSection(ProjectConfigurationPlatforms) = postSolution
		{EC3F7713-1C73-1D9E-3781-9DA9FDBFDE62}.Debug|Any CPU.ActiveCfg = Debug|Any CPU
		{EC3F7713-1C73-1D9E-3781-9DA9FDBFDE62}.Debug|Any CPU.Build.0 = Debug|Any CPU
		{EC3F7713-1C73-1D9E-3781-9DA9FDBFDE62}.Release|Any CPU.ActiveCfg = Release|Any CPU
		{EC3F7713-1C73-1D9E-3781-9DA9FDBFDE62}.Release|Any CPU.Build.0 = Release|Any CPU
		{87CA91A4-D5A6-EE81-1F18-306743D7902E}.Debug|Any CPU.ActiveCfg = Debug|Any CPU
		{87CA91A4-D5A6-EE81-1F18-306743D7902E}.Debug|Any CPU.Build.0 = Debug|Any CPU
		{87CA91A4-D5A6-EE81-1F18-306743D7902E}.Release|Any CPU.ActiveCfg = Release|Any CPU
		{87CA91A4-D5A6-EE81-1F18-306743D7902E}.Release|Any CPU.Build.0 = Release|Any CPU
		{9BC0E375-ED23-EFBC-960C-A74FAF60082E}.Debug|Any CPU.ActiveCfg = Debug|Any CPU
		{9BC0E375-ED23-EFBC-960C-A74FAF60082E}.Debug|Any CPU.Build.0 = Debug|Any CPU
		{9BC0E375-ED23-EFBC-960C-A74FAF60082E}.Release|Any CPU.ActiveCfg = Release|Any CPU
		{9BC0E375-ED23-EFBC-960C-A74FAF60082E}.Release|Any CPU.Build.0 = Release|Any CPU
		{EC95EA31-75B8-8C4C-7B01-F475664CFC6B}.Debug|Any CPU.ActiveCfg = Debug|Any CPU
		{EC95EA31-75B8-8C4C-7B01-F475664CFC6B}.Debug|Any CPU.Build.0 = Debug|Any CPU
		{EC95EA31-75B8-8C4C-7B01-F475664CFC6B}.Release|Any CPU.ActiveCfg = Release|Any CPU
		{EC95EA31-75B8-8C4C-7B01-F475664CFC6B}.Release|Any CPU.Build.0 = Release|Any CPU
		{09A8824A-8F13-8176-D2F9-FAD47C767249}.Debug|Any CPU.ActiveCfg = Debug|Any CPU
		{09A8824A-8F13-8176-D2F9-FAD47C767249}.Debug|Any CPU.Build.0 = Debug|Any CPU
		{09A8824A-8F13-8176-D2F9-FAD47C767249}.Release|Any CPU.ActiveCfg = Release|Any CPU
		{09A8824A-8F13-8176-D2F9-FAD47C767249}.Release|Any CPU.Build.0 = Release|Any CPU
		{470899EC-174F-CF61-BD8F-94B59DA84005}.Debug|Any CPU.ActiveCfg = Debug|Any CPU
		{470899EC-174F-CF61-BD8F-94B59DA84005}.Debug|Any CPU.Build.0 = Debug|Any CPU
		{470899EC-174F-CF61-BD8F-94B59DA84005}.Release|Any CPU.ActiveCfg = Release|Any CPU
		{470899EC-174F-CF61-BD8F-94B59DA84005}.Release|Any CPU.Build.0 = Release|Any CPU
		{D1AF46BD-2C8D-F75E-DB96-F7E6C699A1B5}.Debug|Any CPU.ActiveCfg = Debug|Any CPU
		{D1AF46BD-2C8D-F75E-DB96-F7E6C699A1B5}.Debug|Any CPU.Build.0 = Debug|Any CPU
		{D1AF46BD-2C8D-F75E-DB96-F7E6C699A1B5}.Release|Any CPU.ActiveCfg = Release|Any CPU
		{D1AF46BD-2C8D-F75E-DB96-F7E6C699A1B5}.Release|Any CPU.Build.0 = Release|Any CPU
		{A21D5328-54B5-A260-073C-F57C447335B3}.Debug|Any CPU.ActiveCfg = Debug|Any CPU
		{A21D5328-54B5-A260-073C-F57C447335B3}.Debug|Any CPU.Build.0 = Debug|Any CPU
		{A21D5328-54B5-A260-073C-F57C447335B3}.Release|Any CPU.ActiveCfg = Release|Any CPU
		{A21D5328-54B5-A260-073C-F57C447335B3}.Release|Any CPU.Build.0 = Release|Any CPU
		{0F900D9D-6AEA-054A-A98B-70F309B4B704}.Debug|Any CPU.ActiveCfg = Debug|Any CPU
		{0F900D9D-6AEA-054A-A98B-70F309B4B704}.Debug|Any CPU.Build.0 = Debug|Any CPU
		{0F900D9D-6AEA-054A-A98B-70F309B4B704}.Release|Any CPU.ActiveCfg = Release|Any CPU
		{0F900D9D-6AEA-054A-A98B-70F309B4B704}.Release|Any CPU.Build.0 = Release|Any CPU
		{775F5B63-359D-6EFF-9530-BD21ED9A0F9B}.Debug|Any CPU.ActiveCfg = Debug|Any CPU
		{775F5B63-359D-6EFF-9530-BD21ED9A0F9B}.Debug|Any CPU.Build.0 = Debug|Any CPU
		{775F5B63-359D-6EFF-9530-BD21ED9A0F9B}.Release|Any CPU.ActiveCfg = Release|Any CPU
		{775F5B63-359D-6EFF-9530-BD21ED9A0F9B}.Release|Any CPU.Build.0 = Release|Any CPU
		{8A7376F2-7334-468F-9D56-F0E26846A7A0}.Debug|Any CPU.ActiveCfg = Debug|Any CPU
		{8A7376F2-7334-468F-9D56-F0E26846A7A0}.Debug|Any CPU.Build.0 = Debug|Any CPU
		{8A7376F2-7334-468F-9D56-F0E26846A7A0}.Release|Any CPU.ActiveCfg = Release|Any CPU
		{8A7376F2-7334-468F-9D56-F0E26846A7A0}.Release|Any CPU.Build.0 = Release|Any CPU
		{33FA46BF-554A-6D6A-977D-E854C2217664}.Debug|Any CPU.ActiveCfg = Debug|Any CPU
		{33FA46BF-554A-6D6A-977D-E854C2217664}.Debug|Any CPU.Build.0 = Debug|Any CPU
		{33FA46BF-554A-6D6A-977D-E854C2217664}.Release|Any CPU.ActiveCfg = Release|Any CPU
		{33FA46BF-554A-6D6A-977D-E854C2217664}.Release|Any CPU.Build.0 = Release|Any CPU
	EndGlobalSection
	GlobalSection(SolutionProperties) = preSolution
		HideSolutionNode = FALSE
	EndGlobalSection
EndGlobal
